
Microsoft Visual Studio Solution File, Format Version 12.00
# Visual Studio 15
VisualStudioVersion = 15.0.27004.2005
MinimumVisualStudioVersion = 10.0.40219.1
Project("{FAE04EC0-301F-11D3-BF4B-00C04F79EFBC}") = "NasaMK", "ZADACA1\NasaMK.csproj", "{DC065076-2FE8-4000-93D2-9F45C65249F7}"
EndProject
Project("{FAE04EC0-301F-11D3-BF4B-00C04F79EFBC}") = "NasaMK1", "NasaMK1\NasaMK1.csproj", "{483FABFB-4EE6-40B6-A622-37129B05FFBB}"
EndProject
Project("{FAE04EC0-301F-11D3-BF4B-00C04F79EFBC}") = "FormApp", "FormApp\FormApp.csproj", "{A8613BC5-2747-47EB-9125-B8B20C0BEBA2}"
EndProject
Global
	GlobalSection(SolutionConfigurationPlatforms) = preSolution
		Debug|Any CPU = Debug|Any CPU
		Release|Any CPU = Release|Any CPU
	EndGlobalSection
	GlobalSection(ProjectConfigurationPlatforms) = postSolution
		{DC065076-2FE8-4000-93D2-9F45C65249F7}.Debug|Any CPU.ActiveCfg = Debug|Any CPU
		{DC065076-2FE8-4000-93D2-9F45C65249F7}.Debug|Any CPU.Build.0 = Debug|Any CPU
		{DC065076-2FE8-4000-93D2-9F45C65249F7}.Release|Any CPU.ActiveCfg = Release|Any CPU
		{DC065076-2FE8-4000-93D2-9F45C65249F7}.Release|Any CPU.Build.0 = Release|Any CPU
		{483FABFB-4EE6-40B6-A622-37129B05FFBB}.Debug|Any CPU.ActiveCfg = Debug|Any CPU
		{483FABFB-4EE6-40B6-A622-37129B05FFBB}.Debug|Any CPU.Build.0 = Debug|Any CPU
		{483FABFB-4EE6-40B6-A622-37129B05FFBB}.Release|Any CPU.ActiveCfg = Release|Any CPU
		{483FABFB-4EE6-40B6-A622-37129B05FFBB}.Release|Any CPU.Build.0 = Release|Any CPU
		{A8613BC5-2747-47EB-9125-B8B20C0BEBA2}.Debug|Any CPU.ActiveCfg = Debug|Any CPU
		{A8613BC5-2747-47EB-9125-B8B20C0BEBA2}.Debug|Any CPU.Build.0 = Debug|Any CPU
		{A8613BC5-2747-47EB-9125-B8B20C0BEBA2}.Release|Any CPU.ActiveCfg = Release|Any CPU
		{A8613BC5-2747-47EB-9125-B8B20C0BEBA2}.Release|Any CPU.Build.0 = Release|Any CPU
	EndGlobalSection
	GlobalSection(SolutionProperties) = preSolution
		HideSolutionNode = FALSE
	EndGlobalSection
	GlobalSection(ExtensibilityGlobals) = postSolution
		SolutionGuid = {FAC05ACE-3C39-4DBE-A27E-6CB901F00C61}
	EndGlobalSection
EndGlobal
